// !$*UTF8*$!
{
	archiveVersion = 1;
	classes = {
	};
	objectVersion = 56;
	objects = {

/* Begin PBXBuildFile section */
		AB543E0F2A16585200788245 /* AppDelegate.swift in Sources */ = {isa = PBXBuildFile; fileRef = AB543E0E2A16585200788245 /* AppDelegate.swift */; };
		AB543E132A16585200788245 /* MainViewController.swift in Sources */ = {isa = PBXBuildFile; fileRef = AB543E122A16585200788245 /* MainViewController.swift */; };
		AB543E182A16585300788245 /* Assets.xcassets in Resources */ = {isa = PBXBuildFile; fileRef = AB543E172A16585300788245 /* Assets.xcassets */; };
		AB543E1B2A16585300788245 /* LaunchScreen.storyboard in Resources */ = {isa = PBXBuildFile; fileRef = AB543E192A16585300788245 /* LaunchScreen.storyboard */; };
		AB543E242A165B4E00788245 /* TabBarController.swift in Sources */ = {isa = PBXBuildFile; fileRef = AB543E232A165B4E00788245 /* TabBarController.swift */; };
		AB543E262A1669C000788245 /* FavoriteViewController.swift in Sources */ = {isa = PBXBuildFile; fileRef = AB543E252A1669C000788245 /* FavoriteViewController.swift */; };
		AB543E2A2A167BAA00788245 /* MainPresenter.swift in Sources */ = {isa = PBXBuildFile; fileRef = AB543E292A167BAA00788245 /* MainPresenter.swift */; };
		AB543E362A16848F00788245 /* FavoriteCustomTableViewCell.swift in Sources */ = {isa = PBXBuildFile; fileRef = AB543E352A16848F00788245 /* FavoriteCustomTableViewCell.swift */; };
		AB543E3D2A16891800788245 /* UserDefaultsManager.swift in Sources */ = {isa = PBXBuildFile; fileRef = AB543E3C2A16891800788245 /* UserDefaultsManager.swift */; };
		AB543E3F2A16894900788245 /* FavoriteModel.swift in Sources */ = {isa = PBXBuildFile; fileRef = AB543E3E2A16894900788245 /* FavoriteModel.swift */; };
		AB543E4B2A17896300788245 /* MainProtocols.swift in Sources */ = {isa = PBXBuildFile; fileRef = AB543E4A2A17896300788245 /* MainProtocols.swift */; };
		AB543E4D2A17B62B00788245 /* ModuleBuilder.swift in Sources */ = {isa = PBXBuildFile; fileRef = AB543E4C2A17B62B00788245 /* ModuleBuilder.swift */; };
		AB543E4F2A17BC9700788245 /* NetworkManager.swift in Sources */ = {isa = PBXBuildFile; fileRef = AB543E4E2A17BC9700788245 /* NetworkManager.swift */; };
		AB543E512A17C2EC00788245 /* FavoritePresenter.swift in Sources */ = {isa = PBXBuildFile; fileRef = AB543E502A17C2EC00788245 /* FavoritePresenter.swift */; };
		AB543E532A17C2F800788245 /* FavoriteProtocols.swift in Sources */ = {isa = PBXBuildFile; fileRef = AB543E522A17C2F700788245 /* FavoriteProtocols.swift */; };
		AB543E662A1A1FD000788245 /* MainPresenterTests.swift in Sources */ = {isa = PBXBuildFile; fileRef = AB543E652A1A1FD000788245 /* MainPresenterTests.swift */; };
		AB543E742A1A558600788245 /* ImageGeneratorUITests.swift in Sources */ = {isa = PBXBuildFile; fileRef = AB543E732A1A558600788245 /* ImageGeneratorUITests.swift */; };
		AB543E762A1A558600788245 /* ImageGeneratorUITestsLaunchTests.swift in Sources */ = {isa = PBXBuildFile; fileRef = AB543E752A1A558600788245 /* ImageGeneratorUITestsLaunchTests.swift */; };
/* End PBXBuildFile section */

/* Begin PBXContainerItemProxy section */
		AB543E602A1A1E2700788245 /* PBXContainerItemProxy */ = {
			isa = PBXContainerItemProxy;
			containerPortal = AB543E032A16585100788245 /* Project object */;
			proxyType = 1;
			remoteGlobalIDString = AB543E0A2A16585100788245;
			remoteInfo = ImageGenerator;
		};
		AB543E772A1A558600788245 /* PBXContainerItemProxy */ = {
			isa = PBXContainerItemProxy;
			containerPortal = AB543E032A16585100788245 /* Project object */;
			proxyType = 1;
			remoteGlobalIDString = AB543E0A2A16585100788245;
			remoteInfo = ImageGenerator;
		};
/* End PBXContainerItemProxy section */

/* Begin PBXFileReference section */
		AB543E0B2A16585200788245 /* ImageGenerator.app */ = {isa = PBXFileReference; explicitFileType = wrapper.application; includeInIndex = 0; path = ImageGenerator.app; sourceTree = BUILT_PRODUCTS_DIR; };
		AB543E0E2A16585200788245 /* AppDelegate.swift */ = {isa = PBXFileReference; lastKnownFileType = sourcecode.swift; path = AppDelegate.swift; sourceTree = "<group>"; };
		AB543E122A16585200788245 /* MainViewController.swift */ = {isa = PBXFileReference; lastKnownFileType = sourcecode.swift; path = MainViewController.swift; sourceTree = "<group>"; };
		AB543E172A16585300788245 /* Assets.xcassets */ = {isa = PBXFileReference; lastKnownFileType = folder.assetcatalog; path = Assets.xcassets; sourceTree = "<group>"; };
		AB543E1A2A16585300788245 /* Base */ = {isa = PBXFileReference; lastKnownFileType = file.storyboard; name = Base; path = Base.lproj/LaunchScreen.storyboard; sourceTree = "<group>"; };
		AB543E1C2A16585300788245 /* Info.plist */ = {isa = PBXFileReference; lastKnownFileType = text.plist.xml; path = Info.plist; sourceTree = "<group>"; };
		AB543E232A165B4E00788245 /* TabBarController.swift */ = {isa = PBXFileReference; fileEncoding = 4; lastKnownFileType = sourcecode.swift; path = TabBarController.swift; sourceTree = "<group>"; };
		AB543E252A1669C000788245 /* FavoriteViewController.swift */ = {isa = PBXFileReference; lastKnownFileType = sourcecode.swift; path = FavoriteViewController.swift; sourceTree = "<group>"; };
		AB543E292A167BAA00788245 /* MainPresenter.swift */ = {isa = PBXFileReference; lastKnownFileType = sourcecode.swift; path = MainPresenter.swift; sourceTree = "<group>"; };
		AB543E352A16848F00788245 /* FavoriteCustomTableViewCell.swift */ = {isa = PBXFileReference; fileEncoding = 4; lastKnownFileType = sourcecode.swift; path = FavoriteCustomTableViewCell.swift; sourceTree = "<group>"; };
		AB543E3C2A16891800788245 /* UserDefaultsManager.swift */ = {isa = PBXFileReference; fileEncoding = 4; lastKnownFileType = sourcecode.swift; path = UserDefaultsManager.swift; sourceTree = "<group>"; };
		AB543E3E2A16894900788245 /* FavoriteModel.swift */ = {isa = PBXFileReference; lastKnownFileType = sourcecode.swift; path = FavoriteModel.swift; sourceTree = "<group>"; };
		AB543E4A2A17896300788245 /* MainProtocols.swift */ = {isa = PBXFileReference; lastKnownFileType = sourcecode.swift; path = MainProtocols.swift; sourceTree = "<group>"; };
		AB543E4C2A17B62B00788245 /* ModuleBuilder.swift */ = {isa = PBXFileReference; lastKnownFileType = sourcecode.swift; path = ModuleBuilder.swift; sourceTree = "<group>"; };
		AB543E4E2A17BC9700788245 /* NetworkManager.swift */ = {isa = PBXFileReference; lastKnownFileType = sourcecode.swift; path = NetworkManager.swift; sourceTree = "<group>"; };
		AB543E502A17C2EC00788245 /* FavoritePresenter.swift */ = {isa = PBXFileReference; lastKnownFileType = sourcecode.swift; path = FavoritePresenter.swift; sourceTree = "<group>"; };
		AB543E522A17C2F700788245 /* FavoriteProtocols.swift */ = {isa = PBXFileReference; lastKnownFileType = sourcecode.swift; path = FavoriteProtocols.swift; sourceTree = "<group>"; };
		AB543E5C2A1A1E2700788245 /* ImageGeneratorTests.xctest */ = {isa = PBXFileReference; explicitFileType = wrapper.cfbundle; includeInIndex = 0; path = ImageGeneratorTests.xctest; sourceTree = BUILT_PRODUCTS_DIR; };
		AB543E652A1A1FD000788245 /* MainPresenterTests.swift */ = {isa = PBXFileReference; lastKnownFileType = sourcecode.swift; path = MainPresenterTests.swift; sourceTree = "<group>"; };
		AB543E712A1A558500788245 /* ImageGeneratorUITests.xctest */ = {isa = PBXFileReference; explicitFileType = wrapper.cfbundle; includeInIndex = 0; path = ImageGeneratorUITests.xctest; sourceTree = BUILT_PRODUCTS_DIR; };
		AB543E732A1A558600788245 /* ImageGeneratorUITests.swift */ = {isa = PBXFileReference; lastKnownFileType = sourcecode.swift; path = ImageGeneratorUITests.swift; sourceTree = "<group>"; };
		AB543E752A1A558600788245 /* ImageGeneratorUITestsLaunchTests.swift */ = {isa = PBXFileReference; lastKnownFileType = sourcecode.swift; path = ImageGeneratorUITestsLaunchTests.swift; sourceTree = "<group>"; };
/* End PBXFileReference section */

/* Begin PBXFrameworksBuildPhase section */
		AB543E082A16585100788245 /* Frameworks */ = {
			isa = PBXFrameworksBuildPhase;
			buildActionMask = 2147483647;
			files = (
			);
			runOnlyForDeploymentPostprocessing = 0;
		};
		AB543E592A1A1E2700788245 /* Frameworks */ = {
			isa = PBXFrameworksBuildPhase;
			buildActionMask = 2147483647;
			files = (
			);
			runOnlyForDeploymentPostprocessing = 0;
		};
		AB543E6E2A1A558500788245 /* Frameworks */ = {
			isa = PBXFrameworksBuildPhase;
			buildActionMask = 2147483647;
			files = (
			);
			runOnlyForDeploymentPostprocessing = 0;
		};
/* End PBXFrameworksBuildPhase section */

/* Begin PBXGroup section */
		AB543E022A16585100788245 = {
			isa = PBXGroup;
			children = (
				AB543E0D2A16585200788245 /* ImageGenerator */,
				AB543E5D2A1A1E2700788245 /* ImageGeneratorTests */,
				AB543E722A1A558600788245 /* ImageGeneratorUITests */,
				AB543E0C2A16585200788245 /* Products */,
			);
			sourceTree = "<group>";
		};
		AB543E0C2A16585200788245 /* Products */ = {
			isa = PBXGroup;
			children = (
				AB543E0B2A16585200788245 /* ImageGenerator.app */,
				AB543E5C2A1A1E2700788245 /* ImageGeneratorTests.xctest */,
				AB543E712A1A558500788245 /* ImageGeneratorUITests.xctest */,
			);
			name = Products;
			sourceTree = "<group>";
		};
		AB543E0D2A16585200788245 /* ImageGenerator */ = {
			isa = PBXGroup;
			children = (
				AB543E572A18C6F100788245 /* NetworkLayer */,
				AB543E492A17891800788245 /* Delegate */,
				AB543E552A17DB5200788245 /* ModuleBuilder */,
				AB543E222A165B4E00788245 /* TabBar */,
				AB543E282A167B8F00788245 /* MainModule */,
				AB543E302A16845F00788245 /* FavoriteModule */,
				AB543E272A1674AA00788245 /* SupportFiles */,
			);
			path = ImageGenerator;
			sourceTree = "<group>";
		};
		AB543E222A165B4E00788245 /* TabBar */ = {
			isa = PBXGroup;
			children = (
				AB543E232A165B4E00788245 /* TabBarController.swift */,
			);
			path = TabBar;
			sourceTree = "<group>";
		};
		AB543E272A1674AA00788245 /* SupportFiles */ = {
			isa = PBXGroup;
			children = (
				AB543E3C2A16891800788245 /* UserDefaultsManager.swift */,
				AB543E172A16585300788245 /* Assets.xcassets */,
				AB543E192A16585300788245 /* LaunchScreen.storyboard */,
				AB543E1C2A16585300788245 /* Info.plist */,
			);
			name = SupportFiles;
			sourceTree = "<group>";
		};
		AB543E282A167B8F00788245 /* MainModule */ = {
			isa = PBXGroup;
			children = (
				AB543E2E2A167BD900788245 /* View */,
				AB543E2F2A167BDF00788245 /* Presenter */,
				AB543E542A17C37600788245 /* Protocol */,
			);
			path = MainModule;
			sourceTree = "<group>";
		};
		AB543E2E2A167BD900788245 /* View */ = {
			isa = PBXGroup;
			children = (
				AB543E122A16585200788245 /* MainViewController.swift */,
			);
			path = View;
			sourceTree = "<group>";
		};
		AB543E2F2A167BDF00788245 /* Presenter */ = {
			isa = PBXGroup;
			children = (
				AB543E292A167BAA00788245 /* MainPresenter.swift */,
			);
			path = Presenter;
			sourceTree = "<group>";
		};
		AB543E302A16845F00788245 /* FavoriteModule */ = {
			isa = PBXGroup;
			children = (
				AB543E332A16847800788245 /* Model */,
				AB543E312A16846900788245 /* View */,
				AB543E322A16847100788245 /* Presenter */,
				AB543E562A18C0C000788245 /* Protocol */,
				AB543E342A16848100788245 /* CustomCell */,
			);
			path = FavoriteModule;
			sourceTree = "<group>";
		};
		AB543E312A16846900788245 /* View */ = {
			isa = PBXGroup;
			children = (
				AB543E252A1669C000788245 /* FavoriteViewController.swift */,
			);
			path = View;
			sourceTree = "<group>";
		};
		AB543E322A16847100788245 /* Presenter */ = {
			isa = PBXGroup;
			children = (
				AB543E502A17C2EC00788245 /* FavoritePresenter.swift */,
			);
			path = Presenter;
			sourceTree = "<group>";
		};
		AB543E332A16847800788245 /* Model */ = {
			isa = PBXGroup;
			children = (
				AB543E3E2A16894900788245 /* FavoriteModel.swift */,
			);
			path = Model;
			sourceTree = "<group>";
		};
		AB543E342A16848100788245 /* CustomCell */ = {
			isa = PBXGroup;
			children = (
				AB543E352A16848F00788245 /* FavoriteCustomTableViewCell.swift */,
			);
			path = CustomCell;
			sourceTree = "<group>";
		};
		AB543E492A17891800788245 /* Delegate */ = {
			isa = PBXGroup;
			children = (
				AB543E0E2A16585200788245 /* AppDelegate.swift */,
			);
			path = Delegate;
			sourceTree = "<group>";
		};
		AB543E542A17C37600788245 /* Protocol */ = {
			isa = PBXGroup;
			children = (
				AB543E4A2A17896300788245 /* MainProtocols.swift */,
			);
			path = Protocol;
			sourceTree = "<group>";
		};
		AB543E552A17DB5200788245 /* ModuleBuilder */ = {
			isa = PBXGroup;
			children = (
				AB543E4C2A17B62B00788245 /* ModuleBuilder.swift */,
			);
			path = ModuleBuilder;
			sourceTree = "<group>";
		};
		AB543E562A18C0C000788245 /* Protocol */ = {
			isa = PBXGroup;
			children = (
				AB543E522A17C2F700788245 /* FavoriteProtocols.swift */,
			);
			path = Protocol;
			sourceTree = "<group>";
		};
		AB543E572A18C6F100788245 /* NetworkLayer */ = {
			isa = PBXGroup;
			children = (
				AB543E4E2A17BC9700788245 /* NetworkManager.swift */,
			);
			path = NetworkLayer;
			sourceTree = "<group>";
		};
		AB543E5D2A1A1E2700788245 /* ImageGeneratorTests */ = {
			isa = PBXGroup;
			children = (
				AB543E672A1A1FDF00788245 /* MainModule */,
			);
			path = ImageGeneratorTests;
			sourceTree = "<group>";
		};
		AB543E672A1A1FDF00788245 /* MainModule */ = {
			isa = PBXGroup;
			children = (
				AB543E682A1A1FE900788245 /* Presenter */,
			);
			path = MainModule;
			sourceTree = "<group>";
		};
		AB543E682A1A1FE900788245 /* Presenter */ = {
			isa = PBXGroup;
			children = (
				AB543E652A1A1FD000788245 /* MainPresenterTests.swift */,
			);
			path = Presenter;
			sourceTree = "<group>";
		};
		AB543E722A1A558600788245 /* ImageGeneratorUITests */ = {
			isa = PBXGroup;
			children = (
				AB543E732A1A558600788245 /* ImageGeneratorUITests.swift */,
				AB543E752A1A558600788245 /* ImageGeneratorUITestsLaunchTests.swift */,
			);
			path = ImageGeneratorUITests;
			sourceTree = "<group>";
		};
/* End PBXGroup section */

/* Begin PBXNativeTarget section */
		AB543E0A2A16585100788245 /* ImageGenerator */ = {
			isa = PBXNativeTarget;
			buildConfigurationList = AB543E1F2A16585300788245 /* Build configuration list for PBXNativeTarget "ImageGenerator" */;
			buildPhases = (
				AB543E072A16585100788245 /* Sources */,
				AB543E082A16585100788245 /* Frameworks */,
				AB543E092A16585100788245 /* Resources */,
			);
			buildRules = (
			);
			dependencies = (
			);
			name = ImageGenerator;
			packageProductDependencies = (
			);
			productName = ImageGenerator;
			productReference = AB543E0B2A16585200788245 /* ImageGenerator.app */;
			productType = "com.apple.product-type.application";
		};
		AB543E5B2A1A1E2700788245 /* ImageGeneratorTests */ = {
			isa = PBXNativeTarget;
			buildConfigurationList = AB543E622A1A1E2700788245 /* Build configuration list for PBXNativeTarget "ImageGeneratorTests" */;
			buildPhases = (
				AB543E582A1A1E2700788245 /* Sources */,
				AB543E592A1A1E2700788245 /* Frameworks */,
				AB543E5A2A1A1E2700788245 /* Resources */,
			);
			buildRules = (
			);
			dependencies = (
				AB543E612A1A1E2700788245 /* PBXTargetDependency */,
			);
			name = ImageGeneratorTests;
			productName = ImageGeneratorTests;
			productReference = AB543E5C2A1A1E2700788245 /* ImageGeneratorTests.xctest */;
			productType = "com.apple.product-type.bundle.unit-test";
		};
		AB543E702A1A558500788245 /* ImageGeneratorUITests */ = {
			isa = PBXNativeTarget;
			buildConfigurationList = AB543E792A1A558600788245 /* Build configuration list for PBXNativeTarget "ImageGeneratorUITests" */;
			buildPhases = (
				AB543E6D2A1A558500788245 /* Sources */,
				AB543E6E2A1A558500788245 /* Frameworks */,
				AB543E6F2A1A558500788245 /* Resources */,
			);
			buildRules = (
			);
			dependencies = (
				AB543E782A1A558600788245 /* PBXTargetDependency */,
			);
			name = ImageGeneratorUITests;
			productName = ImageGeneratorUITests;
			productReference = AB543E712A1A558500788245 /* ImageGeneratorUITests.xctest */;
			productType = "com.apple.product-type.bundle.ui-testing";
		};
/* End PBXNativeTarget section */

/* Begin PBXProject section */
		AB543E032A16585100788245 /* Project object */ = {
			isa = PBXProject;
			attributes = {
				BuildIndependentTargetsInParallel = 1;
				LastSwiftUpdateCheck = 1430;
				LastUpgradeCheck = 1430;
				TargetAttributes = {
					AB543E0A2A16585100788245 = {
						CreatedOnToolsVersion = 14.3;
					};
					AB543E5B2A1A1E2700788245 = {
						CreatedOnToolsVersion = 14.3;
						TestTargetID = AB543E0A2A16585100788245;
					};
					AB543E702A1A558500788245 = {
						CreatedOnToolsVersion = 14.3;
						TestTargetID = AB543E0A2A16585100788245;
					};
				};
			};
			buildConfigurationList = AB543E062A16585100788245 /* Build configuration list for PBXProject "ImageGenerator" */;
			compatibilityVersion = "Xcode 14.0";
			developmentRegion = en;
			hasScannedForEncodings = 0;
			knownRegions = (
				en,
				Base,
			);
			mainGroup = AB543E022A16585100788245;
			packageReferences = (
			);
			productRefGroup = AB543E0C2A16585200788245 /* Products */;
			projectDirPath = "";
			projectRoot = "";
			targets = (
				AB543E0A2A16585100788245 /* ImageGenerator */,
				AB543E5B2A1A1E2700788245 /* ImageGeneratorTests */,
				AB543E702A1A558500788245 /* ImageGeneratorUITests */,
			);
		};
/* End PBXProject section */

/* Begin PBXResourcesBuildPhase section */
		AB543E092A16585100788245 /* Resources */ = {
			isa = PBXResourcesBuildPhase;
			buildActionMask = 2147483647;
			files = (
				AB543E1B2A16585300788245 /* LaunchScreen.storyboard in Resources */,
				AB543E182A16585300788245 /* Assets.xcassets in Resources */,
			);
			runOnlyForDeploymentPostprocessing = 0;
		};
		AB543E5A2A1A1E2700788245 /* Resources */ = {
			isa = PBXResourcesBuildPhase;
			buildActionMask = 2147483647;
			files = (
			);
			runOnlyForDeploymentPostprocessing = 0;
		};
		AB543E6F2A1A558500788245 /* Resources */ = {
			isa = PBXResourcesBuildPhase;
			buildActionMask = 2147483647;
			files = (
			);
			runOnlyForDeploymentPostprocessing = 0;
		};
/* End PBXResourcesBuildPhase section */

/* Begin PBXSourcesBuildPhase section */
		AB543E072A16585100788245 /* Sources */ = {
			isa = PBXSourcesBuildPhase;
			buildActionMask = 2147483647;
			files = (
				AB543E532A17C2F800788245 /* FavoriteProtocols.swift in Sources */,
				AB543E2A2A167BAA00788245 /* MainPresenter.swift in Sources */,
				AB543E3F2A16894900788245 /* FavoriteModel.swift in Sources */,
				AB543E132A16585200788245 /* MainViewController.swift in Sources */,
				AB543E512A17C2EC00788245 /* FavoritePresenter.swift in Sources */,
				AB543E242A165B4E00788245 /* TabBarController.swift in Sources */,
				AB543E4B2A17896300788245 /* MainProtocols.swift in Sources */,
				AB543E362A16848F00788245 /* FavoriteCustomTableViewCell.swift in Sources */,
				AB543E3D2A16891800788245 /* UserDefaultsManager.swift in Sources */,
				AB543E4F2A17BC9700788245 /* NetworkManager.swift in Sources */,
				AB543E4D2A17B62B00788245 /* ModuleBuilder.swift in Sources */,
				AB543E262A1669C000788245 /* FavoriteViewController.swift in Sources */,
				AB543E0F2A16585200788245 /* AppDelegate.swift in Sources */,
			);
			runOnlyForDeploymentPostprocessing = 0;
		};
		AB543E582A1A1E2700788245 /* Sources */ = {
			isa = PBXSourcesBuildPhase;
			buildActionMask = 2147483647;
			files = (
				AB543E662A1A1FD000788245 /* MainPresenterTests.swift in Sources */,
			);
			runOnlyForDeploymentPostprocessing = 0;
		};
		AB543E6D2A1A558500788245 /* Sources */ = {
			isa = PBXSourcesBuildPhase;
			buildActionMask = 2147483647;
			files = (
				AB543E762A1A558600788245 /* ImageGeneratorUITestsLaunchTests.swift in Sources */,
				AB543E742A1A558600788245 /* ImageGeneratorUITests.swift in Sources */,
			);
			runOnlyForDeploymentPostprocessing = 0;
		};
/* End PBXSourcesBuildPhase section */

/* Begin PBXTargetDependency section */
		AB543E612A1A1E2700788245 /* PBXTargetDependency */ = {
			isa = PBXTargetDependency;
			target = AB543E0A2A16585100788245 /* ImageGenerator */;
			targetProxy = AB543E602A1A1E2700788245 /* PBXContainerItemProxy */;
		};
		AB543E782A1A558600788245 /* PBXTargetDependency */ = {
			isa = PBXTargetDependency;
			target = AB543E0A2A16585100788245 /* ImageGenerator */;
			targetProxy = AB543E772A1A558600788245 /* PBXContainerItemProxy */;
		};
/* End PBXTargetDependency section */

/* Begin PBXVariantGroup section */
		AB543E192A16585300788245 /* LaunchScreen.storyboard */ = {
			isa = PBXVariantGroup;
			children = (
				AB543E1A2A16585300788245 /* Base */,
			);
			name = LaunchScreen.storyboard;
			sourceTree = "<group>";
		};
/* End PBXVariantGroup section */

/* Begin XCBuildConfiguration section */
		AB543E1D2A16585300788245 /* Debug */ = {
			isa = XCBuildConfiguration;
			buildSettings = {
				ALWAYS_SEARCH_USER_PATHS = NO;
				CLANG_ANALYZER_NONNULL = YES;
				CLANG_ANALYZER_NUMBER_OBJECT_CONVERSION = YES_AGGRESSIVE;
				CLANG_CXX_LANGUAGE_STANDARD = "gnu++20";
				CLANG_ENABLE_MODULES = YES;
				CLANG_ENABLE_OBJC_ARC = YES;
				CLANG_ENABLE_OBJC_WEAK = YES;
				CLANG_WARN_BLOCK_CAPTURE_AUTORELEASING = YES;
				CLANG_WARN_BOOL_CONVERSION = YES;
				CLANG_WARN_COMMA = YES;
				CLANG_WARN_CONSTANT_CONVERSION = YES;
				CLANG_WARN_DEPRECATED_OBJC_IMPLEMENTATIONS = YES;
				CLANG_WARN_DIRECT_OBJC_ISA_USAGE = YES_ERROR;
				CLANG_WARN_DOCUMENTATION_COMMENTS = YES;
				CLANG_WARN_EMPTY_BODY = YES;
				CLANG_WARN_ENUM_CONVERSION = YES;
				CLANG_WARN_INFINITE_RECURSION = YES;
				CLANG_WARN_INT_CONVERSION = YES;
				CLANG_WARN_NON_LITERAL_NULL_CONVERSION = YES;
				CLANG_WARN_OBJC_IMPLICIT_RETAIN_SELF = YES;
				CLANG_WARN_OBJC_LITERAL_CONVERSION = YES;
				CLANG_WARN_OBJC_ROOT_CLASS = YES_ERROR;
				CLANG_WARN_QUOTED_INCLUDE_IN_FRAMEWORK_HEADER = YES;
				CLANG_WARN_RANGE_LOOP_ANALYSIS = YES;
				CLANG_WARN_STRICT_PROTOTYPES = YES;
				CLANG_WARN_SUSPICIOUS_MOVE = YES;
				CLANG_WARN_UNGUARDED_AVAILABILITY = YES_AGGRESSIVE;
				CLANG_WARN_UNREACHABLE_CODE = YES;
				CLANG_WARN__DUPLICATE_METHOD_MATCH = YES;
				COPY_PHASE_STRIP = NO;
				DEBUG_INFORMATION_FORMAT = dwarf;
				ENABLE_STRICT_OBJC_MSGSEND = YES;
				ENABLE_TESTABILITY = YES;
				GCC_C_LANGUAGE_STANDARD = gnu11;
				GCC_DYNAMIC_NO_PIC = NO;
				GCC_NO_COMMON_BLOCKS = YES;
				GCC_OPTIMIZATION_LEVEL = 0;
				GCC_PREPROCESSOR_DEFINITIONS = (
					"DEBUG=1",
					"$(inherited)",
				);
				GCC_WARN_64_TO_32_BIT_CONVERSION = YES;
				GCC_WARN_ABOUT_RETURN_TYPE = YES_ERROR;
				GCC_WARN_UNDECLARED_SELECTOR = YES;
				GCC_WARN_UNINITIALIZED_AUTOS = YES_AGGRESSIVE;
				GCC_WARN_UNUSED_FUNCTION = YES;
				GCC_WARN_UNUSED_VARIABLE = YES;
				IPHONEOS_DEPLOYMENT_TARGET = 16.4;
				MTL_ENABLE_DEBUG_INFO = INCLUDE_SOURCE;
				MTL_FAST_MATH = YES;
				ONLY_ACTIVE_ARCH = YES;
				SDKROOT = iphoneos;
				SWIFT_ACTIVE_COMPILATION_CONDITIONS = DEBUG;
				SWIFT_OPTIMIZATION_LEVEL = "-Onone";
			};
			name = Debug;
		};
		AB543E1E2A16585300788245 /* Release */ = {
			isa = XCBuildConfiguration;
			buildSettings = {
				ALWAYS_SEARCH_USER_PATHS = NO;
				CLANG_ANALYZER_NONNULL = YES;
				CLANG_ANALYZER_NUMBER_OBJECT_CONVERSION = YES_AGGRESSIVE;
				CLANG_CXX_LANGUAGE_STANDARD = "gnu++20";
				CLANG_ENABLE_MODULES = YES;
				CLANG_ENABLE_OBJC_ARC = YES;
				CLANG_ENABLE_OBJC_WEAK = YES;
				CLANG_WARN_BLOCK_CAPTURE_AUTORELEASING = YES;
				CLANG_WARN_BOOL_CONVERSION = YES;
				CLANG_WARN_COMMA = YES;
				CLANG_WARN_CONSTANT_CONVERSION = YES;
				CLANG_WARN_DEPRECATED_OBJC_IMPLEMENTATIONS = YES;
				CLANG_WARN_DIRECT_OBJC_ISA_USAGE = YES_ERROR;
				CLANG_WARN_DOCUMENTATION_COMMENTS = YES;
				CLANG_WARN_EMPTY_BODY = YES;
				CLANG_WARN_ENUM_CONVERSION = YES;
				CLANG_WARN_INFINITE_RECURSION = YES;
				CLANG_WARN_INT_CONVERSION = YES;
				CLANG_WARN_NON_LITERAL_NULL_CONVERSION = YES;
				CLANG_WARN_OBJC_IMPLICIT_RETAIN_SELF = YES;
				CLANG_WARN_OBJC_LITERAL_CONVERSION = YES;
				CLANG_WARN_OBJC_ROOT_CLASS = YES_ERROR;
				CLANG_WARN_QUOTED_INCLUDE_IN_FRAMEWORK_HEADER = YES;
				CLANG_WARN_RANGE_LOOP_ANALYSIS = YES;
				CLANG_WARN_STRICT_PROTOTYPES = YES;
				CLANG_WARN_SUSPICIOUS_MOVE = YES;
				CLANG_WARN_UNGUARDED_AVAILABILITY = YES_AGGRESSIVE;
				CLANG_WARN_UNREACHABLE_CODE = YES;
				CLANG_WARN__DUPLICATE_METHOD_MATCH = YES;
				COPY_PHASE_STRIP = NO;
				DEBUG_INFORMATION_FORMAT = "dwarf-with-dsym";
				ENABLE_NS_ASSERTIONS = NO;
				ENABLE_STRICT_OBJC_MSGSEND = YES;
				GCC_C_LANGUAGE_STANDARD = gnu11;
				GCC_NO_COMMON_BLOCKS = YES;
				GCC_WARN_64_TO_32_BIT_CONVERSION = YES;
				GCC_WARN_ABOUT_RETURN_TYPE = YES_ERROR;
				GCC_WARN_UNDECLARED_SELECTOR = YES;
				GCC_WARN_UNINITIALIZED_AUTOS = YES_AGGRESSIVE;
				GCC_WARN_UNUSED_FUNCTION = YES;
				GCC_WARN_UNUSED_VARIABLE = YES;
				IPHONEOS_DEPLOYMENT_TARGET = 16.4;
				MTL_ENABLE_DEBUG_INFO = NO;
				MTL_FAST_MATH = YES;
				SDKROOT = iphoneos;
				SWIFT_COMPILATION_MODE = wholemodule;
				SWIFT_OPTIMIZATION_LEVEL = "-O";
				VALIDATE_PRODUCT = YES;
			};
			name = Release;
		};
		AB543E202A16585300788245 /* Debug */ = {
			isa = XCBuildConfiguration;
			buildSettings = {
				ASSETCATALOG_COMPILER_APPICON_NAME = AppIcon;
				ASSETCATALOG_COMPILER_GLOBAL_ACCENT_COLOR_NAME = AccentColor;
				CODE_SIGN_STYLE = Automatic;
				CURRENT_PROJECT_VERSION = 1;
				GENERATE_INFOPLIST_FILE = YES;
				INFOPLIST_FILE = ImageGenerator/Info.plist;
				INFOPLIST_KEY_UIApplicationSupportsIndirectInputEvents = YES;
				INFOPLIST_KEY_UILaunchStoryboardName = LaunchScreen;
				INFOPLIST_KEY_UIMainStoryboardFile = "";
				INFOPLIST_KEY_UISupportedInterfaceOrientations_iPad = "UIInterfaceOrientationPortrait UIInterfaceOrientationPortraitUpsideDown UIInterfaceOrientationLandscapeLeft UIInterfaceOrientationLandscapeRight";
				INFOPLIST_KEY_UISupportedInterfaceOrientations_iPhone = "UIInterfaceOrientationPortrait UIInterfaceOrientationLandscapeLeft UIInterfaceOrientationLandscapeRight";
				IPHONEOS_DEPLOYMENT_TARGET = 12.0;
				LD_RUNPATH_SEARCH_PATHS = (
					"$(inherited)",
					"@executable_path/Frameworks",
				);
				MARKETING_VERSION = 1.0;
				PRODUCT_BUNDLE_IDENTIFIER = "-.ImageGenerator";
				PRODUCT_NAME = "$(TARGET_NAME)";
				SWIFT_EMIT_LOC_STRINGS = YES;
				SWIFT_VERSION = 5.0;
				TARGETED_DEVICE_FAMILY = "1,2";
			};
			name = Debug;
		};
		AB543E212A16585300788245 /* Release */ = {
			isa = XCBuildConfiguration;
			buildSettings = {
				ASSETCATALOG_COMPILER_APPICON_NAME = AppIcon;
				ASSETCATALOG_COMPILER_GLOBAL_ACCENT_COLOR_NAME = AccentColor;
				CODE_SIGN_STYLE = Automatic;
				CURRENT_PROJECT_VERSION = 1;
				GENERATE_INFOPLIST_FILE = YES;
				INFOPLIST_FILE = ImageGenerator/Info.plist;
				INFOPLIST_KEY_UIApplicationSupportsIndirectInputEvents = YES;
				INFOPLIST_KEY_UILaunchStoryboardName = LaunchScreen;
				INFOPLIST_KEY_UIMainStoryboardFile = "";
				INFOPLIST_KEY_UISupportedInterfaceOrientations_iPad = "UIInterfaceOrientationPortrait UIInterfaceOrientationPortraitUpsideDown UIInterfaceOrientationLandscapeLeft UIInterfaceOrientationLandscapeRight";
				INFOPLIST_KEY_UISupportedInterfaceOrientations_iPhone = "UIInterfaceOrientationPortrait UIInterfaceOrientationLandscapeLeft UIInterfaceOrientationLandscapeRight";
				IPHONEOS_DEPLOYMENT_TARGET = 12.0;
				LD_RUNPATH_SEARCH_PATHS = (
					"$(inherited)",
					"@executable_path/Frameworks",
				);
				MARKETING_VERSION = 1.0;
				PRODUCT_BUNDLE_IDENTIFIER = "-.ImageGenerator";
				PRODUCT_NAME = "$(TARGET_NAME)";
				SWIFT_EMIT_LOC_STRINGS = YES;
				SWIFT_VERSION = 5.0;
				TARGETED_DEVICE_FAMILY = "1,2";
			};
			name = Release;
		};
		AB543E632A1A1E2700788245 /* Debug */ = {
			isa = XCBuildConfiguration;
			buildSettings = {
				BUNDLE_LOADER = "$(TEST_HOST)";
				CODE_SIGN_STYLE = Automatic;
				CURRENT_PROJECT_VERSION = 1;
				GENERATE_INFOPLIST_FILE = YES;
				IPHONEOS_DEPLOYMENT_TARGET = 16.4;
				MACOSX_DEPLOYMENT_TARGET = 13.2;
				MARKETING_VERSION = 1.0;
				PRODUCT_BUNDLE_IDENTIFIER = "-.ImageGeneratorTests";
				PRODUCT_NAME = "$(TARGET_NAME)";
				SDKROOT = auto;
				SUPPORTED_PLATFORMS = "iphoneos iphonesimulator macosx";
				SWIFT_EMIT_LOC_STRINGS = NO;
				SWIFT_VERSION = 5.0;
				TARGETED_DEVICE_FAMILY = "1,2";
				TEST_HOST = "$(BUILT_PRODUCTS_DIR)/ImageGenerator.app/$(BUNDLE_EXECUTABLE_FOLDER_PATH)/ImageGenerator";
			};
			name = Debug;
		};
		AB543E642A1A1E2700788245 /* Release */ = {
			isa = XCBuildConfiguration;
			buildSettings = {
				BUNDLE_LOADER = "$(TEST_HOST)";
				CODE_SIGN_STYLE = Automatic;
				CURRENT_PROJECT_VERSION = 1;
				GENERATE_INFOPLIST_FILE = YES;
				IPHONEOS_DEPLOYMENT_TARGET = 16.4;
				MACOSX_DEPLOYMENT_TARGET = 13.2;
				MARKETING_VERSION = 1.0;
				PRODUCT_BUNDLE_IDENTIFIER = "-.ImageGeneratorTests";
				PRODUCT_NAME = "$(TARGET_NAME)";
				SDKROOT = auto;
				SUPPORTED_PLATFORMS = "iphoneos iphonesimulator macosx";
				SWIFT_EMIT_LOC_STRINGS = NO;
				SWIFT_VERSION = 5.0;
				TARGETED_DEVICE_FAMILY = "1,2";
				TEST_HOST = "$(BUILT_PRODUCTS_DIR)/ImageGenerator.app/$(BUNDLE_EXECUTABLE_FOLDER_PATH)/ImageGenerator";
			};
			name = Release;
		};
		AB543E7A2A1A558600788245 /* Debug */ = {
			isa = XCBuildConfiguration;
			buildSettings = {
				CODE_SIGN_STYLE = Automatic;
				CURRENT_PROJECT_VERSION = 1;
				GENERATE_INFOPLIST_FILE = YES;
				MARKETING_VERSION = 1.0;
				PRODUCT_BUNDLE_IDENTIFIER = "-.ImageGeneratorUITests";
				PRODUCT_NAME = "$(TARGET_NAME)";
				SWIFT_EMIT_LOC_STRINGS = NO;
				SWIFT_VERSION = 5.0;
				TARGETED_DEVICE_FAMILY = "1,2";
				TEST_TARGET_NAME = ImageGenerator;
			};
			name = Debug;
		};
		AB543E7B2A1A558600788245 /* Release */ = {
			isa = XCBuildConfiguration;
			buildSettings = {
				CODE_SIGN_STYLE = Automatic;
				CURRENT_PROJECT_VERSION = 1;
				GENERATE_INFOPLIST_FILE = YES;
				MARKETING_VERSION = 1.0;
				PRODUCT_BUNDLE_IDENTIFIER = "-.ImageGeneratorUITests";
				PRODUCT_NAME = "$(TARGET_NAME)";
				SWIFT_EMIT_LOC_STRINGS = NO;
				SWIFT_VERSION = 5.0;
				TARGETED_DEVICE_FAMILY = "1,2";
				TEST_TARGET_NAME = ImageGenerator;
			};
			name = Release;
		};
/* End XCBuildConfiguration section */

/* Begin XCConfigurationList section */
		AB543E062A16585100788245 /* Build configuration list for PBXProject "ImageGenerator" */ = {
			isa = XCConfigurationList;
			buildConfigurations = (
				AB543E1D2A16585300788245 /* Debug */,
				AB543E1E2A16585300788245 /* Release */,
			);
			defaultConfigurationIsVisible = 0;
			defaultConfigurationName = Release;
		};
		AB543E1F2A16585300788245 /* Build configuration list for PBXNativeTarget "ImageGenerator" */ = {
			isa = XCConfigurationList;
			buildConfigurations = (
				AB543E202A16585300788245 /* Debug */,
				AB543E212A16585300788245 /* Release */,
			);
			defaultConfigurationIsVisible = 0;
			defaultConfigurationName = Release;
		};
		AB543E622A1A1E2700788245 /* Build configuration list for PBXNativeTarget "ImageGeneratorTests" */ = {
			isa = XCConfigurationList;
			buildConfigurations = (
				AB543E632A1A1E2700788245 /* Debug */,
				AB543E642A1A1E2700788245 /* Release */,
			);
			defaultConfigurationIsVisible = 0;
			defaultConfigurationName = Release;
		};
		AB543E792A1A558600788245 /* Build configuration list for PBXNativeTarget "ImageGeneratorUITests" */ = {
			isa = XCConfigurationList;
			buildConfigurations = (
				AB543E7A2A1A558600788245 /* Debug */,
				AB543E7B2A1A558600788245 /* Release */,
			);
			defaultConfigurationIsVisible = 0;
			defaultConfigurationName = Release;
		};
/* End XCConfigurationList section */
	};
	rootObject = AB543E032A16585100788245 /* Project object */;
}
